
Microsoft Visual Studio Solution File, Format Version 12.00
# Visual Studio Version 16
VisualStudioVersion = 16.0.28407.52
MinimumVisualStudioVersion = 10.0.40219.1
Project("{FAE04EC0-301F-11D3-BF4B-00C04F79EFBC}") = "WPFVariation", "WPFVariation.csproj", "{1F6E3FB9-8F55-46F0-9A12-A07D16971261}"
EndProject
Global
	GlobalSection(SolutionConfigurationPlatforms) = preSolution
		Debug|Any CPU = Debug|Any CPU
		Release|Any CPU = Release|Any CPU
	EndGlobalSection
	GlobalSection(ProjectConfigurationPlatforms) = postSolution
		{1F6E3FB9-8F55-46F0-9A12-A07D16971261}.Debug|Any CPU.ActiveCfg = Debug|Any CPU
		{1F6E3FB9-8F55-46F0-9A12-A07D16971261}.Debug|Any CPU.Build.0 = Debug|Any CPU
		{1F6E3FB9-8F55-46F0-9A12-A07D16971261}.Release|Any CPU.ActiveCfg = Release|Any CPU
		{1F6E3FB9-8F55-46F0-9A12-A07D16971261}.Release|Any CPU.Build.0 = Release|Any CPU
	EndGlobalSection
	GlobalSection(SolutionProperties) = preSolution
		HideSolutionNode = FALSE
	EndGlobalSection
	GlobalSection(ExtensibilityGlobals) = postSolution
		SolutionGuid = {1E31F8BF-98AB-4823-B807-6D14C6A56B30}
	EndGlobalSection
EndGlobal
